schema: '2.0'
stages:
  data_ingestion:
    cmd: python3 src/PnemoniaDisease/pipeline/stage_01_data_ingeston.py
    deps:
    - path: config/config.yaml
      hash: md5
      md5: 6bfee9ec6e11dd07b00ac14e15f924d0
      size: 154
    - path: data/raw/pneumonia.zip
      hash: md5
      md5: 12285c1c49a85293c1e39bbed3a6a6b5
      size: 24829389
    - path: src/PnemoniaDisease/pipeline/stage_01_data_ingeston.py
      hash: md5
      md5: d15c4dedb499a0165435ee876be6e5cc
      size: 1646
    outs:
    - path: data/processed/train
      hash: md5
      md5: 09483f2232b015cb14e00d576e09cafe.dir
      size: 25416610
      nfiles: 401
